
Microsoft Visual Studio Solution File, Format Version 12.00
# Visual Studio Version 17
VisualStudioVersion = 17.7.34202.233
MinimumVisualStudioVersion = 10.0.40219.1
Project("{FAE04EC0-301F-11D3-BF4B-00C04F79EFBC}") = "laba3", "laba3.csproj", "{1D027012-1E24-453F-B51D-4829CA25BA42}"
EndProject
Global
	GlobalSection(SolutionConfigurationPlatforms) = preSolution
		Debug|Any CPU = Debug|Any CPU
		Release|Any CPU = Release|Any CPU
	EndGlobalSection
	GlobalSection(ProjectConfigurationPlatforms) = postSolution
		{1D027012-1E24-453F-B51D-4829CA25BA42}.Debug|Any CPU.ActiveCfg = Debug|Any CPU
		{1D027012-1E24-453F-B51D-4829CA25BA42}.Debug|Any CPU.Build.0 = Debug|Any CPU
		{1D027012-1E24-453F-B51D-4829CA25BA42}.Release|Any CPU.ActiveCfg = Release|Any CPU
		{1D027012-1E24-453F-B51D-4829CA25BA42}.Release|Any CPU.Build.0 = Release|Any CPU
	EndGlobalSection
	GlobalSection(SolutionProperties) = preSolution
		HideSolutionNode = FALSE
	EndGlobalSection
	GlobalSection(ExtensibilityGlobals) = postSolution
		SolutionGuid = {B07ABC7C-27C1-4DFC-A712-23ADEE8C9D5B}
	EndGlobalSection
EndGlobal
